
Microsoft Visual Studio Solution File, Format Version 12.00
# Visual Studio Version 17
VisualStudioVersion = 17.8.34525.116
MinimumVisualStudioVersion = 10.0.40219.1
Project("{9A19103F-16F7-4668-BE54-9A1E7A4F7556}") = "StaticClassDemoApp", "StaticClassDemoApp\StaticClassDemoApp.csproj", "{C3B93955-BFC3-49B4-8382-1F77B925B168}"
EndProject
Project("{9A19103F-16F7-4668-BE54-9A1E7A4F7556}") = "InstatiatedClassDemoApp", "InstatiatedClassDemoApp\InstatiatedClassDemoApp.csproj", "{C7D8C6EE-61A0-463C-BFEC-450A6E7074EC}"
EndProject
Project("{9A19103F-16F7-4668-BE54-9A1E7A4F7556}") = "PropertyTypesDemoApp", "PropertyTypesDemoApp\PropertyTypesDemoApp.csproj", "{55BE172E-9A3D-402A-B602-22D12918A708}"
EndProject
Project("{9A19103F-16F7-4668-BE54-9A1E7A4F7556}") = "InterfaceDemoApp", "InterfaceDemoApp\InterfaceDemoApp.csproj", "{9B7F8B7A-A501-4481-A0F6-6ADA31E47AA9}"
EndProject
Project("{9A19103F-16F7-4668-BE54-9A1E7A4F7556}") = "ExtensionMethodsDemoApp", "ExtensionMethodsDemoApp\ExtensionMethodsDemoApp.csproj", "{DDA13169-CA6E-4000-9671-17DD087C84AC}"
EndProject
Project("{9A19103F-16F7-4668-BE54-9A1E7A4F7556}") = "GenericsDemoApp", "GenericsDemoApp\GenericsDemoApp.csproj", "{A77CC639-9290-4334-A60B-004C7E42571B}"
EndProject
Project("{9A19103F-16F7-4668-BE54-9A1E7A4F7556}") = "CnCDemoApp", "CnCDemoApp\CnCDemoApp.csproj", "{FD7CB0FE-8169-44AA-A31F-006A9F81BAFB}"
EndProject
Project("{9A19103F-16F7-4668-BE54-9A1E7A4F7556}") = "RazorMessageWallApp", "RazorMessageWallApp\RazorMessageWallApp.csproj", "{F9F22D76-B851-4624-B87B-2ABFC1D6BF38}"
EndProject
Project("{9A19103F-16F7-4668-BE54-9A1E7A4F7556}") = "MVCMessageWallApp", "MVCMessageWallApp\MVCMessageWallApp.csproj", "{8D6207B5-ADCC-4AF7-B058-947CB35333E3}"
EndProject
Project("{FAE04EC0-301F-11D3-BF4B-00C04F79EFBC}") = "MVCMessageWallWithIdentifyApp", "MVCMessageWallWithIdentifyApp\MVCMessageWallWithIdentifyApp.csproj", "{9F011873-39AF-4902-9883-3C0624659DE4}"
EndProject
Project("{FAE04EC0-301F-11D3-BF4B-00C04F79EFBC}") = "BlazozServerMessageWallApp", "BlazozServerMessageWallApp\BlazozServerMessageWallApp.csproj", "{B50A3C88-BE77-413C-8EBB-FCF1EB8620DD}"
EndProject
Global
	GlobalSection(SolutionConfigurationPlatforms) = preSolution
		Debug|Any CPU = Debug|Any CPU
		Release|Any CPU = Release|Any CPU
	EndGlobalSection
	GlobalSection(ProjectConfigurationPlatforms) = postSolution
		{C3B93955-BFC3-49B4-8382-1F77B925B168}.Debug|Any CPU.ActiveCfg = Debug|Any CPU
		{C3B93955-BFC3-49B4-8382-1F77B925B168}.Debug|Any CPU.Build.0 = Debug|Any CPU
		{C3B93955-BFC3-49B4-8382-1F77B925B168}.Release|Any CPU.ActiveCfg = Release|Any CPU
		{C3B93955-BFC3-49B4-8382-1F77B925B168}.Release|Any CPU.Build.0 = Release|Any CPU
		{C7D8C6EE-61A0-463C-BFEC-450A6E7074EC}.Debug|Any CPU.ActiveCfg = Debug|Any CPU
		{C7D8C6EE-61A0-463C-BFEC-450A6E7074EC}.Debug|Any CPU.Build.0 = Debug|Any CPU
		{C7D8C6EE-61A0-463C-BFEC-450A6E7074EC}.Release|Any CPU.ActiveCfg = Release|Any CPU
		{C7D8C6EE-61A0-463C-BFEC-450A6E7074EC}.Release|Any CPU.Build.0 = Release|Any CPU
		{55BE172E-9A3D-402A-B602-22D12918A708}.Debug|Any CPU.ActiveCfg = Debug|Any CPU
		{55BE172E-9A3D-402A-B602-22D12918A708}.Debug|Any CPU.Build.0 = Debug|Any CPU
		{55BE172E-9A3D-402A-B602-22D12918A708}.Release|Any CPU.ActiveCfg = Release|Any CPU
		{55BE172E-9A3D-402A-B602-22D12918A708}.Release|Any CPU.Build.0 = Release|Any CPU
		{9B7F8B7A-A501-4481-A0F6-6ADA31E47AA9}.Debug|Any CPU.ActiveCfg = Debug|Any CPU
		{9B7F8B7A-A501-4481-A0F6-6ADA31E47AA9}.Debug|Any CPU.Build.0 = Debug|Any CPU
		{9B7F8B7A-A501-4481-A0F6-6ADA31E47AA9}.Release|Any CPU.ActiveCfg = Release|Any CPU
		{9B7F8B7A-A501-4481-A0F6-6ADA31E47AA9}.Release|Any CPU.Build.0 = Release|Any CPU
		{DDA13169-CA6E-4000-9671-17DD087C84AC}.Debug|Any CPU.ActiveCfg = Debug|Any CPU
		{DDA13169-CA6E-4000-9671-17DD087C84AC}.Debug|Any CPU.Build.0 = Debug|Any CPU
		{DDA13169-CA6E-4000-9671-17DD087C84AC}.Release|Any CPU.ActiveCfg = Release|Any CPU
		{DDA13169-CA6E-4000-9671-17DD087C84AC}.Release|Any CPU.Build.0 = Release|Any CPU
		{A77CC639-9290-4334-A60B-004C7E42571B}.Debug|Any CPU.ActiveCfg = Debug|Any CPU
		{A77CC639-9290-4334-A60B-004C7E42571B}.Debug|Any CPU.Build.0 = Debug|Any CPU
		{A77CC639-9290-4334-A60B-004C7E42571B}.Release|Any CPU.ActiveCfg = Release|Any CPU
		{A77CC639-9290-4334-A60B-004C7E42571B}.Release|Any CPU.Build.0 = Release|Any CPU
		{FD7CB0FE-8169-44AA-A31F-006A9F81BAFB}.Debug|Any CPU.ActiveCfg = Debug|Any CPU
		{FD7CB0FE-8169-44AA-A31F-006A9F81BAFB}.Debug|Any CPU.Build.0 = Debug|Any CPU
		{FD7CB0FE-8169-44AA-A31F-006A9F81BAFB}.Release|Any CPU.ActiveCfg = Release|Any CPU
		{FD7CB0FE-8169-44AA-A31F-006A9F81BAFB}.Release|Any CPU.Build.0 = Release|Any CPU
		{F9F22D76-B851-4624-B87B-2ABFC1D6BF38}.Debug|Any CPU.ActiveCfg = Debug|Any CPU
		{F9F22D76-B851-4624-B87B-2ABFC1D6BF38}.Debug|Any CPU.Build.0 = Debug|Any CPU
		{F9F22D76-B851-4624-B87B-2ABFC1D6BF38}.Release|Any CPU.ActiveCfg = Release|Any CPU
		{F9F22D76-B851-4624-B87B-2ABFC1D6BF38}.Release|Any CPU.Build.0 = Release|Any CPU
		{8D6207B5-ADCC-4AF7-B058-947CB35333E3}.Debug|Any CPU.ActiveCfg = Debug|Any CPU
		{8D6207B5-ADCC-4AF7-B058-947CB35333E3}.Debug|Any CPU.Build.0 = Debug|Any CPU
		{8D6207B5-ADCC-4AF7-B058-947CB35333E3}.Release|Any CPU.ActiveCfg = Release|Any CPU
		{8D6207B5-ADCC-4AF7-B058-947CB35333E3}.Release|Any CPU.Build.0 = Release|Any CPU
		{9F011873-39AF-4902-9883-3C0624659DE4}.Debug|Any CPU.ActiveCfg = Debug|Any CPU
		{9F011873-39AF-4902-9883-3C0624659DE4}.Debug|Any CPU.Build.0 = Debug|Any CPU
		{9F011873-39AF-4902-9883-3C0624659DE4}.Release|Any CPU.ActiveCfg = Release|Any CPU
		{9F011873-39AF-4902-9883-3C0624659DE4}.Release|Any CPU.Build.0 = Release|Any CPU
		{B50A3C88-BE77-413C-8EBB-FCF1EB8620DD}.Debug|Any CPU.ActiveCfg = Debug|Any CPU
		{B50A3C88-BE77-413C-8EBB-FCF1EB8620DD}.Debug|Any CPU.Build.0 = Debug|Any CPU
		{B50A3C88-BE77-413C-8EBB-FCF1EB8620DD}.Release|Any CPU.ActiveCfg = Release|Any CPU
		{B50A3C88-BE77-413C-8EBB-FCF1EB8620DD}.Release|Any CPU.Build.0 = Release|Any CPU
	EndGlobalSection
	GlobalSection(SolutionProperties) = preSolution
		HideSolutionNode = FALSE
	EndGlobalSection
	GlobalSection(ExtensibilityGlobals) = postSolution
		SolutionGuid = {540E6379-517D-43E3-8472-CA8A7A6E8C32}
	EndGlobalSection
EndGlobal
