
Microsoft Visual Studio Solution File, Format Version 12.00
# Visual Studio Version 17
VisualStudioVersion = 17.8.34408.163
MinimumVisualStudioVersion = 10.0.40219.1
Project("{9A19103F-16F7-4668-BE54-9A1E7A4F7556}") = "SQLServerUI", "SQLServerUI\SQLServerUI.csproj", "{06EF7215-BF32-4F41-B4BE-7A09E24A0384}"
EndProject
Project("{9A19103F-16F7-4668-BE54-9A1E7A4F7556}") = "DataAccessLibrary", "DataAccessLibrary\DataAccessLibrary.csproj", "{6E72B554-5DFF-4BB4-9B7E-5E9EEE1FC059}"
EndProject
Project("{00D1A9C2-B5F0-4AF3-8072-F6C62B433612}") = "SQLContactsDB", "SQLContactsDB\SQLContactsDB.sqlproj", "{215E2D9C-7609-403B-9707-E2C0EA53D901}"
EndProject
Project("{9A19103F-16F7-4668-BE54-9A1E7A4F7556}") = "SqliteUI", "SqliteUI\SqliteUI.csproj", "{296F3E57-AE2A-44E6-A23F-B7C9C09823AD}"
EndProject
Project("{FAE04EC0-301F-11D3-BF4B-00C04F79EFBC}") = "MySqlUI", "MySqlUI\MySqlUI.csproj", "{CD1E6E45-4B21-4866-A5AF-49D9A717C461}"
EndProject
Global
	GlobalSection(SolutionConfigurationPlatforms) = preSolution
		Debug|Any CPU = Debug|Any CPU
		Release|Any CPU = Release|Any CPU
	EndGlobalSection
	GlobalSection(ProjectConfigurationPlatforms) = postSolution
		{06EF7215-BF32-4F41-B4BE-7A09E24A0384}.Debug|Any CPU.ActiveCfg = Debug|Any CPU
		{06EF7215-BF32-4F41-B4BE-7A09E24A0384}.Debug|Any CPU.Build.0 = Debug|Any CPU
		{06EF7215-BF32-4F41-B4BE-7A09E24A0384}.Release|Any CPU.ActiveCfg = Release|Any CPU
		{06EF7215-BF32-4F41-B4BE-7A09E24A0384}.Release|Any CPU.Build.0 = Release|Any CPU
		{6E72B554-5DFF-4BB4-9B7E-5E9EEE1FC059}.Debug|Any CPU.ActiveCfg = Debug|Any CPU
		{6E72B554-5DFF-4BB4-9B7E-5E9EEE1FC059}.Debug|Any CPU.Build.0 = Debug|Any CPU
		{6E72B554-5DFF-4BB4-9B7E-5E9EEE1FC059}.Release|Any CPU.ActiveCfg = Release|Any CPU
		{6E72B554-5DFF-4BB4-9B7E-5E9EEE1FC059}.Release|Any CPU.Build.0 = Release|Any CPU
		{215E2D9C-7609-403B-9707-E2C0EA53D901}.Debug|Any CPU.ActiveCfg = Debug|Any CPU
		{215E2D9C-7609-403B-9707-E2C0EA53D901}.Debug|Any CPU.Build.0 = Debug|Any CPU
		{215E2D9C-7609-403B-9707-E2C0EA53D901}.Debug|Any CPU.Deploy.0 = Debug|Any CPU
		{215E2D9C-7609-403B-9707-E2C0EA53D901}.Release|Any CPU.ActiveCfg = Release|Any CPU
		{215E2D9C-7609-403B-9707-E2C0EA53D901}.Release|Any CPU.Build.0 = Release|Any CPU
		{215E2D9C-7609-403B-9707-E2C0EA53D901}.Release|Any CPU.Deploy.0 = Release|Any CPU
		{296F3E57-AE2A-44E6-A23F-B7C9C09823AD}.Debug|Any CPU.ActiveCfg = Debug|Any CPU
		{296F3E57-AE2A-44E6-A23F-B7C9C09823AD}.Debug|Any CPU.Build.0 = Debug|Any CPU
		{296F3E57-AE2A-44E6-A23F-B7C9C09823AD}.Release|Any CPU.ActiveCfg = Release|Any CPU
		{296F3E57-AE2A-44E6-A23F-B7C9C09823AD}.Release|Any CPU.Build.0 = Release|Any CPU
		{CD1E6E45-4B21-4866-A5AF-49D9A717C461}.Debug|Any CPU.ActiveCfg = Debug|Any CPU
		{CD1E6E45-4B21-4866-A5AF-49D9A717C461}.Debug|Any CPU.Build.0 = Debug|Any CPU
		{CD1E6E45-4B21-4866-A5AF-49D9A717C461}.Release|Any CPU.ActiveCfg = Release|Any CPU
		{CD1E6E45-4B21-4866-A5AF-49D9A717C461}.Release|Any CPU.Build.0 = Release|Any CPU
	EndGlobalSection
	GlobalSection(SolutionProperties) = preSolution
		HideSolutionNode = FALSE
	EndGlobalSection
	GlobalSection(ExtensibilityGlobals) = postSolution
		SolutionGuid = {60B117E1-35B7-4B58-940E-D5133D619460}
	EndGlobalSection
EndGlobal
