
Microsoft Visual Studio Solution File, Format Version 12.00
# Visual Studio Version 17
VisualStudioVersion = 17.9.34714.143
MinimumVisualStudioVersion = 10.0.40219.1
Project("{FAE04EC0-301F-11D3-BF4B-00C04F79EFBC}") = "ApiConsumerUI", "ApiConsumerUI\ApiConsumerUI.csproj", "{08348395-DFDE-4CB0-92AC-0E2554762BEB}"
EndProject
Project("{FAE04EC0-301F-11D3-BF4B-00C04F79EFBC}") = "ApiConsumerLibrary", "ApiConsumerLibrary\ApiConsumerLibrary.csproj", "{2FE96613-C862-4C31-8C10-6FA6D0F71778}"
EndProject
Global
	GlobalSection(SolutionConfigurationPlatforms) = preSolution
		Debug|Any CPU = Debug|Any CPU
		Release|Any CPU = Release|Any CPU
	EndGlobalSection
	GlobalSection(ProjectConfigurationPlatforms) = postSolution
		{08348395-DFDE-4CB0-92AC-0E2554762BEB}.Debug|Any CPU.ActiveCfg = Debug|Any CPU
		{08348395-DFDE-4CB0-92AC-0E2554762BEB}.Debug|Any CPU.Build.0 = Debug|Any CPU
		{08348395-DFDE-4CB0-92AC-0E2554762BEB}.Release|Any CPU.ActiveCfg = Release|Any CPU
		{08348395-DFDE-4CB0-92AC-0E2554762BEB}.Release|Any CPU.Build.0 = Release|Any CPU
		{2FE96613-C862-4C31-8C10-6FA6D0F71778}.Debug|Any CPU.ActiveCfg = Debug|Any CPU
		{2FE96613-C862-4C31-8C10-6FA6D0F71778}.Debug|Any CPU.Build.0 = Debug|Any CPU
		{2FE96613-C862-4C31-8C10-6FA6D0F71778}.Release|Any CPU.ActiveCfg = Release|Any CPU
		{2FE96613-C862-4C31-8C10-6FA6D0F71778}.Release|Any CPU.Build.0 = Release|Any CPU
	EndGlobalSection
	GlobalSection(SolutionProperties) = preSolution
		HideSolutionNode = FALSE
	EndGlobalSection
	GlobalSection(ExtensibilityGlobals) = postSolution
		SolutionGuid = {0E3B426B-1138-488E-953D-F5E3B8041788}
	EndGlobalSection
EndGlobal
